
Microsoft Visual Studio Solution File, Format Version 12.00
# Visual Studio Version 16
VisualStudioVersion = 16.0.31911.196
MinimumVisualStudioVersion = 10.0.40219.1
Project("{FAE04EC0-301F-11D3-BF4B-00C04F79EFBC}") = "DataManager_216", "DataManager_216\DataManager_216.csproj", "{3398B6B3-EF54-4FDE-A447-32E2D68B45EA}"
EndProject
Project("{FAE04EC0-301F-11D3-BF4B-00C04F79EFBC}") = "GeneralFormLibrary1", "GeneralFormLibrary1\GeneralFormLibrary1.csproj", "{72BC2BFD-48D5-4466-B9CB-DA0595D0E041}"
EndProject
Global
	GlobalSection(SolutionConfigurationPlatforms) = preSolution
		Debug|Any CPU = Debug|Any CPU
		Release|Any CPU = Release|Any CPU
	EndGlobalSection
	GlobalSection(ProjectConfigurationPlatforms) = postSolution
		{3398B6B3-EF54-4FDE-A447-32E2D68B45EA}.Debug|Any CPU.ActiveCfg = Debug|Any CPU
		{3398B6B3-EF54-4FDE-A447-32E2D68B45EA}.Debug|Any CPU.Build.0 = Debug|Any CPU
		{3398B6B3-EF54-4FDE-A447-32E2D68B45EA}.Release|Any CPU.ActiveCfg = Release|Any CPU
		{3398B6B3-EF54-4FDE-A447-32E2D68B45EA}.Release|Any CPU.Build.0 = Release|Any CPU
		{72BC2BFD-48D5-4466-B9CB-DA0595D0E041}.Debug|Any CPU.ActiveCfg = Debug|Any CPU
		{72BC2BFD-48D5-4466-B9CB-DA0595D0E041}.Debug|Any CPU.Build.0 = Debug|Any CPU
		{72BC2BFD-48D5-4466-B9CB-DA0595D0E041}.Release|Any CPU.ActiveCfg = Release|Any CPU
		{72BC2BFD-48D5-4466-B9CB-DA0595D0E041}.Release|Any CPU.Build.0 = Release|Any CPU
	EndGlobalSection
	GlobalSection(SolutionProperties) = preSolution
		HideSolutionNode = FALSE
	EndGlobalSection
	GlobalSection(ExtensibilityGlobals) = postSolution
		SolutionGuid = {6E643428-E77D-4548-93A0-1FD18E90244B}
	EndGlobalSection
EndGlobal
